
Microsoft Visual Studio Solution File, Format Version 12.00
# Visual Studio Version 17
VisualStudioVersion = 17.10.34928.147
MinimumVisualStudioVersion = 10.0.40219.1
Project("{FAE04EC0-301F-11D3-BF4B-00C04F79EFBC}") = "EFCoreBasics", "EFCoreBasics\EFCoreBasics.csproj", "{659FE874-37C2-40D9-9981-0013C1C9A8C6}"
EndProject
Global
	GlobalSection(SolutionConfigurationPlatforms) = preSolution
		Debug|Any CPU = Debug|Any CPU
		Release|Any CPU = Release|Any CPU
	EndGlobalSection
	GlobalSection(ProjectConfigurationPlatforms) = postSolution
		{659FE874-37C2-40D9-9981-0013C1C9A8C6}.Debug|Any CPU.ActiveCfg = Debug|Any CPU
		{659FE874-37C2-40D9-9981-0013C1C9A8C6}.Debug|Any CPU.Build.0 = Debug|Any CPU
		{659FE874-37C2-40D9-9981-0013C1C9A8C6}.Release|Any CPU.ActiveCfg = Release|Any CPU
		{659FE874-37C2-40D9-9981-0013C1C9A8C6}.Release|Any CPU.Build.0 = Release|Any CPU
	EndGlobalSection
	GlobalSection(SolutionProperties) = preSolution
		HideSolutionNode = FALSE
	EndGlobalSection
	GlobalSection(ExtensibilityGlobals) = postSolution
		SolutionGuid = {3A434108-9DAE-4E67-A101-AFF9E0F575C5}
	EndGlobalSection
EndGlobal
