
Microsoft Visual Studio Solution File, Format Version 12.00
# Visual Studio Version 17
VisualStudioVersion = 17.0.32126.317
MinimumVisualStudioVersion = 10.0.40219.1
Project("{2150E333-8FDC-42A3-9474-1A3956D46DE8}") = "Example", "Example", "{E8546A32-90A5-4B34-BDE7-104F4C223909}"
EndProject
Project("{9A19103F-16F7-4668-BE54-9A1E7A4F7556}") = "ZRQ.IReadOnlyCollectionExample", "Example\ZRQ.IReadOnlyCollectionExample\ZRQ.IReadOnlyCollectionExample.csproj", "{D06281C5-0993-40F1-A01E-59A0AE8582B5}"
EndProject
Project("{2150E333-8FDC-42A3-9474-1A3956D46DE8}") = "Test", "Test", "{1225CC05-426D-47D8-8885-0E7B6CEA1357}"
EndProject
Project("{9A19103F-16F7-4668-BE54-9A1E7A4F7556}") = "TypeTest", "Test\TypeTest\TypeTest.csproj", "{F54BE604-E247-49E4-A3BB-4A31078017FD}"
EndProject
Project("{9A19103F-16F7-4668-BE54-9A1E7A4F7556}") = "EventTest", "Test\EventTest\EventTest.csproj", "{59CB9BAC-904A-427D-A8B8-984CD3338621}"
EndProject
Project("{9A19103F-16F7-4668-BE54-9A1E7A4F7556}") = "LinqTest", "Test\LinqTest\LinqTest.csproj", "{177C1741-1C28-46CB-BFFB-392D89B9FA35}"
EndProject
Project("{2150E333-8FDC-42A3-9474-1A3956D46DE8}") = "MSTest", "MSTest", "{90C2F017-53E0-40CB-982A-EA5977AFD9D9}"
EndProject
Project("{9A19103F-16F7-4668-BE54-9A1E7A4F7556}") = "AttributeTest", "Test\AttributeTest\AttributeTest.csproj", "{64CA8CF8-5362-476D-947D-8B691BD3042D}"
EndProject
Project("{2150E333-8FDC-42A3-9474-1A3956D46DE8}") = "Solution Items", "Solution Items", "{6950A1F3-F3C4-4991-9706-91EBE59ABE14}"
	ProjectSection(SolutionItems) = preProject
		README.md = README.md
	EndProjectSection
EndProject
Project("{9A19103F-16F7-4668-BE54-9A1E7A4F7556}") = "JsonTest", "src\json\JsonTest\JsonTest.csproj", "{68085E61-0F9F-43B7-9FC7-37A8AC5B0136}"
EndProject
Project("{9A19103F-16F7-4668-BE54-9A1E7A4F7556}") = "ZRQ.Utils", "ZRQ.Utility\src\ZRQ.Utils.csproj", "{750801C0-A785-49C9-AD73-A39675981005}"
EndProject
Project("{2150E333-8FDC-42A3-9474-1A3956D46DE8}") = "src", "src", "{5F29D57E-D0EE-401F-AA35-B31E65C90DA5}"
EndProject
Project("{9A19103F-16F7-4668-BE54-9A1E7A4F7556}") = "UiDesktopApp", "src\UiDesktopApp\UiDesktopApp.csproj", "{F8AB5F1D-DEFB-444C-8FC7-DF3C775DFC3F}"
EndProject
Project("{FAE04EC0-301F-11D3-BF4B-00C04F79EFBC}") = "App.Common", "src\App.Common\App.Common.csproj", "{4D8E705F-FF9B-4409-8E6A-34958F7AF222}"
EndProject
Project("{FAE04EC0-301F-11D3-BF4B-00C04F79EFBC}") = "App.UI", "src\App.UI\App.UI.csproj", "{937FDEDB-798E-4C2A-AF69-F2B4513FD9BF}"
EndProject
Project("{FAE04EC0-301F-11D3-BF4B-00C04F79EFBC}") = "AppDbContext", "src\AppDbContext\AppDbContext.csproj", "{D83268E1-2C12-4562-A871-DD66CEF2AF58}"
EndProject
Project("{FAE04EC0-301F-11D3-BF4B-00C04F79EFBC}") = "AppEntity", "src\AppEntity\AppEntity.csproj", "{0E513534-5469-4AF9-A458-EAF1466EF2E3}"
EndProject
Project("{2150E333-8FDC-42A3-9474-1A3956D46DE8}") = "CSharpLanguages", "CSharpLanguages", "{16C0533F-7D9C-4784-8C69-0FE1B372880E}"
EndProject
Project("{FAE04EC0-301F-11D3-BF4B-00C04F79EFBC}") = "CSharp11", "CSharpLanguages\CSharp11\CSharp11.csproj", "{C4C676E0-19C7-44B9-B303-83B732ECAFFA}"
EndProject
Project("{FAE04EC0-301F-11D3-BF4B-00C04F79EFBC}") = "NET6CSharp10", "CSharpLanguages\NET6CSharp10\NET6CSharp10.csproj", "{E2EB0796-F10D-47E5-ACE2-6A75DE30D12D}"
EndProject
Global
	GlobalSection(SolutionConfigurationPlatforms) = preSolution
		Debug|Any CPU = Debug|Any CPU
		Release_nopdb|Any CPU = Release_nopdb|Any CPU
		Release|Any CPU = Release|Any CPU
	EndGlobalSection
	GlobalSection(ProjectConfigurationPlatforms) = postSolution
		{D06281C5-0993-40F1-A01E-59A0AE8582B5}.Debug|Any CPU.ActiveCfg = Debug|Any CPU
		{D06281C5-0993-40F1-A01E-59A0AE8582B5}.Debug|Any CPU.Build.0 = Debug|Any CPU
		{D06281C5-0993-40F1-A01E-59A0AE8582B5}.Release_nopdb|Any CPU.ActiveCfg = Release|Any CPU
		{D06281C5-0993-40F1-A01E-59A0AE8582B5}.Release_nopdb|Any CPU.Build.0 = Release|Any CPU
		{D06281C5-0993-40F1-A01E-59A0AE8582B5}.Release|Any CPU.ActiveCfg = Release|Any CPU
		{D06281C5-0993-40F1-A01E-59A0AE8582B5}.Release|Any CPU.Build.0 = Release|Any CPU
		{F54BE604-E247-49E4-A3BB-4A31078017FD}.Debug|Any CPU.ActiveCfg = Debug|Any CPU
		{F54BE604-E247-49E4-A3BB-4A31078017FD}.Debug|Any CPU.Build.0 = Debug|Any CPU
		{F54BE604-E247-49E4-A3BB-4A31078017FD}.Release_nopdb|Any CPU.ActiveCfg = Release|Any CPU
		{F54BE604-E247-49E4-A3BB-4A31078017FD}.Release_nopdb|Any CPU.Build.0 = Release|Any CPU
		{F54BE604-E247-49E4-A3BB-4A31078017FD}.Release|Any CPU.ActiveCfg = Release|Any CPU
		{F54BE604-E247-49E4-A3BB-4A31078017FD}.Release|Any CPU.Build.0 = Release|Any CPU
		{59CB9BAC-904A-427D-A8B8-984CD3338621}.Debug|Any CPU.ActiveCfg = Debug|Any CPU
		{59CB9BAC-904A-427D-A8B8-984CD3338621}.Debug|Any CPU.Build.0 = Debug|Any CPU
		{59CB9BAC-904A-427D-A8B8-984CD3338621}.Release_nopdb|Any CPU.ActiveCfg = Release|Any CPU
		{59CB9BAC-904A-427D-A8B8-984CD3338621}.Release_nopdb|Any CPU.Build.0 = Release|Any CPU
		{59CB9BAC-904A-427D-A8B8-984CD3338621}.Release|Any CPU.ActiveCfg = Release|Any CPU
		{59CB9BAC-904A-427D-A8B8-984CD3338621}.Release|Any CPU.Build.0 = Release|Any CPU
		{177C1741-1C28-46CB-BFFB-392D89B9FA35}.Debug|Any CPU.ActiveCfg = Debug|Any CPU
		{177C1741-1C28-46CB-BFFB-392D89B9FA35}.Debug|Any CPU.Build.0 = Debug|Any CPU
		{177C1741-1C28-46CB-BFFB-392D89B9FA35}.Release_nopdb|Any CPU.ActiveCfg = Release|Any CPU
		{177C1741-1C28-46CB-BFFB-392D89B9FA35}.Release_nopdb|Any CPU.Build.0 = Release|Any CPU
		{177C1741-1C28-46CB-BFFB-392D89B9FA35}.Release|Any CPU.ActiveCfg = Release|Any CPU
		{177C1741-1C28-46CB-BFFB-392D89B9FA35}.Release|Any CPU.Build.0 = Release|Any CPU
		{64CA8CF8-5362-476D-947D-8B691BD3042D}.Debug|Any CPU.ActiveCfg = Debug|Any CPU
		{64CA8CF8-5362-476D-947D-8B691BD3042D}.Debug|Any CPU.Build.0 = Debug|Any CPU
		{64CA8CF8-5362-476D-947D-8B691BD3042D}.Release_nopdb|Any CPU.ActiveCfg = Release|Any CPU
		{64CA8CF8-5362-476D-947D-8B691BD3042D}.Release_nopdb|Any CPU.Build.0 = Release|Any CPU
		{64CA8CF8-5362-476D-947D-8B691BD3042D}.Release|Any CPU.ActiveCfg = Release|Any CPU
		{64CA8CF8-5362-476D-947D-8B691BD3042D}.Release|Any CPU.Build.0 = Release|Any CPU
		{68085E61-0F9F-43B7-9FC7-37A8AC5B0136}.Debug|Any CPU.ActiveCfg = Debug|Any CPU
		{68085E61-0F9F-43B7-9FC7-37A8AC5B0136}.Debug|Any CPU.Build.0 = Debug|Any CPU
		{68085E61-0F9F-43B7-9FC7-37A8AC5B0136}.Release_nopdb|Any CPU.ActiveCfg = Release|Any CPU
		{68085E61-0F9F-43B7-9FC7-37A8AC5B0136}.Release_nopdb|Any CPU.Build.0 = Release|Any CPU
		{68085E61-0F9F-43B7-9FC7-37A8AC5B0136}.Release|Any CPU.ActiveCfg = Release|Any CPU
		{68085E61-0F9F-43B7-9FC7-37A8AC5B0136}.Release|Any CPU.Build.0 = Release|Any CPU
		{750801C0-A785-49C9-AD73-A39675981005}.Debug|Any CPU.ActiveCfg = Debug|Any CPU
		{750801C0-A785-49C9-AD73-A39675981005}.Debug|Any CPU.Build.0 = Debug|Any CPU
		{750801C0-A785-49C9-AD73-A39675981005}.Release_nopdb|Any CPU.ActiveCfg = Release_nopdb|Any CPU
		{750801C0-A785-49C9-AD73-A39675981005}.Release_nopdb|Any CPU.Build.0 = Release_nopdb|Any CPU
		{750801C0-A785-49C9-AD73-A39675981005}.Release|Any CPU.ActiveCfg = Release|Any CPU
		{750801C0-A785-49C9-AD73-A39675981005}.Release|Any CPU.Build.0 = Release|Any CPU
		{F8AB5F1D-DEFB-444C-8FC7-DF3C775DFC3F}.Debug|Any CPU.ActiveCfg = Debug|Any CPU
		{F8AB5F1D-DEFB-444C-8FC7-DF3C775DFC3F}.Debug|Any CPU.Build.0 = Debug|Any CPU
		{F8AB5F1D-DEFB-444C-8FC7-DF3C775DFC3F}.Release_nopdb|Any CPU.ActiveCfg = Release|Any CPU
		{F8AB5F1D-DEFB-444C-8FC7-DF3C775DFC3F}.Release_nopdb|Any CPU.Build.0 = Release|Any CPU
		{F8AB5F1D-DEFB-444C-8FC7-DF3C775DFC3F}.Release|Any CPU.ActiveCfg = Release|Any CPU
		{F8AB5F1D-DEFB-444C-8FC7-DF3C775DFC3F}.Release|Any CPU.Build.0 = Release|Any CPU
		{4D8E705F-FF9B-4409-8E6A-34958F7AF222}.Debug|Any CPU.ActiveCfg = Debug|Any CPU
		{4D8E705F-FF9B-4409-8E6A-34958F7AF222}.Debug|Any CPU.Build.0 = Debug|Any CPU
		{4D8E705F-FF9B-4409-8E6A-34958F7AF222}.Release_nopdb|Any CPU.ActiveCfg = Debug|Any CPU
		{4D8E705F-FF9B-4409-8E6A-34958F7AF222}.Release_nopdb|Any CPU.Build.0 = Debug|Any CPU
		{4D8E705F-FF9B-4409-8E6A-34958F7AF222}.Release|Any CPU.ActiveCfg = Release|Any CPU
		{4D8E705F-FF9B-4409-8E6A-34958F7AF222}.Release|Any CPU.Build.0 = Release|Any CPU
		{937FDEDB-798E-4C2A-AF69-F2B4513FD9BF}.Debug|Any CPU.ActiveCfg = Debug|Any CPU
		{937FDEDB-798E-4C2A-AF69-F2B4513FD9BF}.Debug|Any CPU.Build.0 = Debug|Any CPU
		{937FDEDB-798E-4C2A-AF69-F2B4513FD9BF}.Release_nopdb|Any CPU.ActiveCfg = Debug|Any CPU
		{937FDEDB-798E-4C2A-AF69-F2B4513FD9BF}.Release_nopdb|Any CPU.Build.0 = Debug|Any CPU
		{937FDEDB-798E-4C2A-AF69-F2B4513FD9BF}.Release|Any CPU.ActiveCfg = Release|Any CPU
		{937FDEDB-798E-4C2A-AF69-F2B4513FD9BF}.Release|Any CPU.Build.0 = Release|Any CPU
		{D83268E1-2C12-4562-A871-DD66CEF2AF58}.Debug|Any CPU.ActiveCfg = Debug|Any CPU
		{D83268E1-2C12-4562-A871-DD66CEF2AF58}.Debug|Any CPU.Build.0 = Debug|Any CPU
		{D83268E1-2C12-4562-A871-DD66CEF2AF58}.Release_nopdb|Any CPU.ActiveCfg = Debug|Any CPU
		{D83268E1-2C12-4562-A871-DD66CEF2AF58}.Release_nopdb|Any CPU.Build.0 = Debug|Any CPU
		{D83268E1-2C12-4562-A871-DD66CEF2AF58}.Release|Any CPU.ActiveCfg = Release|Any CPU
		{D83268E1-2C12-4562-A871-DD66CEF2AF58}.Release|Any CPU.Build.0 = Release|Any CPU
		{0E513534-5469-4AF9-A458-EAF1466EF2E3}.Debug|Any CPU.ActiveCfg = Debug|Any CPU
		{0E513534-5469-4AF9-A458-EAF1466EF2E3}.Debug|Any CPU.Build.0 = Debug|Any CPU
		{0E513534-5469-4AF9-A458-EAF1466EF2E3}.Release_nopdb|Any CPU.ActiveCfg = Debug|Any CPU
		{0E513534-5469-4AF9-A458-EAF1466EF2E3}.Release_nopdb|Any CPU.Build.0 = Debug|Any CPU
		{0E513534-5469-4AF9-A458-EAF1466EF2E3}.Release|Any CPU.ActiveCfg = Release|Any CPU
		{0E513534-5469-4AF9-A458-EAF1466EF2E3}.Release|Any CPU.Build.0 = Release|Any CPU
		{C4C676E0-19C7-44B9-B303-83B732ECAFFA}.Debug|Any CPU.ActiveCfg = Debug|Any CPU
		{C4C676E0-19C7-44B9-B303-83B732ECAFFA}.Debug|Any CPU.Build.0 = Debug|Any CPU
		{C4C676E0-19C7-44B9-B303-83B732ECAFFA}.Release_nopdb|Any CPU.ActiveCfg = Debug|Any CPU
		{C4C676E0-19C7-44B9-B303-83B732ECAFFA}.Release_nopdb|Any CPU.Build.0 = Debug|Any CPU
		{C4C676E0-19C7-44B9-B303-83B732ECAFFA}.Release|Any CPU.ActiveCfg = Release|Any CPU
		{C4C676E0-19C7-44B9-B303-83B732ECAFFA}.Release|Any CPU.Build.0 = Release|Any CPU
		{E2EB0796-F10D-47E5-ACE2-6A75DE30D12D}.Debug|Any CPU.ActiveCfg = Debug|Any CPU
		{E2EB0796-F10D-47E5-ACE2-6A75DE30D12D}.Debug|Any CPU.Build.0 = Debug|Any CPU
		{E2EB0796-F10D-47E5-ACE2-6A75DE30D12D}.Release_nopdb|Any CPU.ActiveCfg = Debug|Any CPU
		{E2EB0796-F10D-47E5-ACE2-6A75DE30D12D}.Release_nopdb|Any CPU.Build.0 = Debug|Any CPU
		{E2EB0796-F10D-47E5-ACE2-6A75DE30D12D}.Release|Any CPU.ActiveCfg = Release|Any CPU
		{E2EB0796-F10D-47E5-ACE2-6A75DE30D12D}.Release|Any CPU.Build.0 = Release|Any CPU
	EndGlobalSection
	GlobalSection(SolutionProperties) = preSolution
		HideSolutionNode = FALSE
	EndGlobalSection
	GlobalSection(NestedProjects) = preSolution
		{D06281C5-0993-40F1-A01E-59A0AE8582B5} = {E8546A32-90A5-4B34-BDE7-104F4C223909}
		{F54BE604-E247-49E4-A3BB-4A31078017FD} = {1225CC05-426D-47D8-8885-0E7B6CEA1357}
		{59CB9BAC-904A-427D-A8B8-984CD3338621} = {1225CC05-426D-47D8-8885-0E7B6CEA1357}
		{177C1741-1C28-46CB-BFFB-392D89B9FA35} = {1225CC05-426D-47D8-8885-0E7B6CEA1357}
		{64CA8CF8-5362-476D-947D-8B691BD3042D} = {1225CC05-426D-47D8-8885-0E7B6CEA1357}
		{68085E61-0F9F-43B7-9FC7-37A8AC5B0136} = {5F29D57E-D0EE-401F-AA35-B31E65C90DA5}
		{F8AB5F1D-DEFB-444C-8FC7-DF3C775DFC3F} = {5F29D57E-D0EE-401F-AA35-B31E65C90DA5}
		{4D8E705F-FF9B-4409-8E6A-34958F7AF222} = {5F29D57E-D0EE-401F-AA35-B31E65C90DA5}
		{937FDEDB-798E-4C2A-AF69-F2B4513FD9BF} = {5F29D57E-D0EE-401F-AA35-B31E65C90DA5}
		{D83268E1-2C12-4562-A871-DD66CEF2AF58} = {5F29D57E-D0EE-401F-AA35-B31E65C90DA5}
		{0E513534-5469-4AF9-A458-EAF1466EF2E3} = {5F29D57E-D0EE-401F-AA35-B31E65C90DA5}
		{C4C676E0-19C7-44B9-B303-83B732ECAFFA} = {16C0533F-7D9C-4784-8C69-0FE1B372880E}
		{E2EB0796-F10D-47E5-ACE2-6A75DE30D12D} = {16C0533F-7D9C-4784-8C69-0FE1B372880E}
	EndGlobalSection
	GlobalSection(ExtensibilityGlobals) = postSolution
		SolutionGuid = {72533C9D-1D61-4C9D-AFC4-A6C9AF68FC45}
	EndGlobalSection
EndGlobal
