
Microsoft Visual Studio Solution File, Format Version 12.00
# Visual Studio Version 17
VisualStudioVersion = 17.0.32126.317
MinimumVisualStudioVersion = 10.0.40219.1
Project("{9A19103F-16F7-4668-BE54-9A1E7A4F7556}") = "ZRQ.Utils", "ZRQ.Utility\ZRQ.Utils.csproj", "{5345A97D-86BA-4DBA-A2D1-B4A0107B8DE2}"
EndProject
Project("{9A19103F-16F7-4668-BE54-9A1E7A4F7556}") = "ZRQ.Test", "ZRQ.Test\ZRQ.Test.csproj", "{C5595379-EED5-47D4-9F66-8DCA7C2C996B}"
EndProject
Project("{2150E333-8FDC-42A3-9474-1A3956D46DE8}") = "Example", "Example", "{E8546A32-90A5-4B34-BDE7-104F4C223909}"
EndProject
Project("{9A19103F-16F7-4668-BE54-9A1E7A4F7556}") = "ZRQ.IReadOnlyCollectionExample", "Example\ZRQ.IReadOnlyCollectionExample\ZRQ.IReadOnlyCollectionExample.csproj", "{D06281C5-0993-40F1-A01E-59A0AE8582B5}"
EndProject
Project("{2150E333-8FDC-42A3-9474-1A3956D46DE8}") = "Test", "Test", "{1225CC05-426D-47D8-8885-0E7B6CEA1357}"
EndProject
Project("{9A19103F-16F7-4668-BE54-9A1E7A4F7556}") = "TypeTest", "Test\TypeTest\TypeTest.csproj", "{F54BE604-E247-49E4-A3BB-4A31078017FD}"
EndProject
Project("{9A19103F-16F7-4668-BE54-9A1E7A4F7556}") = "JsonTest", "Test\JsonTest\JsonTest.csproj", "{51CC0B5B-5EDB-4BAA-A402-1C23A24C1F87}"
EndProject
Project("{9A19103F-16F7-4668-BE54-9A1E7A4F7556}") = "EventTest", "Test\EventTest\EventTest.csproj", "{59CB9BAC-904A-427D-A8B8-984CD3338621}"
EndProject
Global
	GlobalSection(SolutionConfigurationPlatforms) = preSolution
		Debug|Any CPU = Debug|Any CPU
		Release|Any CPU = Release|Any CPU
	EndGlobalSection
	GlobalSection(ProjectConfigurationPlatforms) = postSolution
		{5345A97D-86BA-4DBA-A2D1-B4A0107B8DE2}.Debug|Any CPU.ActiveCfg = Debug|Any CPU
		{5345A97D-86BA-4DBA-A2D1-B4A0107B8DE2}.Debug|Any CPU.Build.0 = Debug|Any CPU
		{5345A97D-86BA-4DBA-A2D1-B4A0107B8DE2}.Release|Any CPU.ActiveCfg = Release|Any CPU
		{5345A97D-86BA-4DBA-A2D1-B4A0107B8DE2}.Release|Any CPU.Build.0 = Release|Any CPU
		{C5595379-EED5-47D4-9F66-8DCA7C2C996B}.Debug|Any CPU.ActiveCfg = Debug|Any CPU
		{C5595379-EED5-47D4-9F66-8DCA7C2C996B}.Debug|Any CPU.Build.0 = Debug|Any CPU
		{C5595379-EED5-47D4-9F66-8DCA7C2C996B}.Release|Any CPU.ActiveCfg = Release|Any CPU
		{C5595379-EED5-47D4-9F66-8DCA7C2C996B}.Release|Any CPU.Build.0 = Release|Any CPU
		{D06281C5-0993-40F1-A01E-59A0AE8582B5}.Debug|Any CPU.ActiveCfg = Debug|Any CPU
		{D06281C5-0993-40F1-A01E-59A0AE8582B5}.Debug|Any CPU.Build.0 = Debug|Any CPU
		{D06281C5-0993-40F1-A01E-59A0AE8582B5}.Release|Any CPU.ActiveCfg = Release|Any CPU
		{D06281C5-0993-40F1-A01E-59A0AE8582B5}.Release|Any CPU.Build.0 = Release|Any CPU
		{F54BE604-E247-49E4-A3BB-4A31078017FD}.Debug|Any CPU.ActiveCfg = Debug|Any CPU
		{F54BE604-E247-49E4-A3BB-4A31078017FD}.Debug|Any CPU.Build.0 = Debug|Any CPU
		{F54BE604-E247-49E4-A3BB-4A31078017FD}.Release|Any CPU.ActiveCfg = Release|Any CPU
		{F54BE604-E247-49E4-A3BB-4A31078017FD}.Release|Any CPU.Build.0 = Release|Any CPU
		{51CC0B5B-5EDB-4BAA-A402-1C23A24C1F87}.Debug|Any CPU.ActiveCfg = Debug|Any CPU
		{51CC0B5B-5EDB-4BAA-A402-1C23A24C1F87}.Debug|Any CPU.Build.0 = Debug|Any CPU
		{51CC0B5B-5EDB-4BAA-A402-1C23A24C1F87}.Release|Any CPU.ActiveCfg = Release|Any CPU
		{51CC0B5B-5EDB-4BAA-A402-1C23A24C1F87}.Release|Any CPU.Build.0 = Release|Any CPU
		{59CB9BAC-904A-427D-A8B8-984CD3338621}.Debug|Any CPU.ActiveCfg = Debug|Any CPU
		{59CB9BAC-904A-427D-A8B8-984CD3338621}.Debug|Any CPU.Build.0 = Debug|Any CPU
		{59CB9BAC-904A-427D-A8B8-984CD3338621}.Release|Any CPU.ActiveCfg = Release|Any CPU
		{59CB9BAC-904A-427D-A8B8-984CD3338621}.Release|Any CPU.Build.0 = Release|Any CPU
	EndGlobalSection
	GlobalSection(SolutionProperties) = preSolution
		HideSolutionNode = FALSE
	EndGlobalSection
	GlobalSection(NestedProjects) = preSolution
		{D06281C5-0993-40F1-A01E-59A0AE8582B5} = {E8546A32-90A5-4B34-BDE7-104F4C223909}
		{F54BE604-E247-49E4-A3BB-4A31078017FD} = {1225CC05-426D-47D8-8885-0E7B6CEA1357}
		{51CC0B5B-5EDB-4BAA-A402-1C23A24C1F87} = {1225CC05-426D-47D8-8885-0E7B6CEA1357}
		{59CB9BAC-904A-427D-A8B8-984CD3338621} = {1225CC05-426D-47D8-8885-0E7B6CEA1357}
	EndGlobalSection
	GlobalSection(ExtensibilityGlobals) = postSolution
		SolutionGuid = {72533C9D-1D61-4C9D-AFC4-A6C9AF68FC45}
	EndGlobalSection
EndGlobal
