
Microsoft Visual Studio Solution File, Format Version 12.00
# Visual Studio Version 17
VisualStudioVersion = 17.0.32126.317
MinimumVisualStudioVersion = 10.0.40219.1
Project("{9A19103F-16F7-4668-BE54-9A1E7A4F7556}") = "ZRQ.Util", "ZRQ.Utility\ZRQ.Util.csproj", "{5345A97D-86BA-4DBA-A2D1-B4A0107B8DE2}"
EndProject
Project("{9A19103F-16F7-4668-BE54-9A1E7A4F7556}") = "ZRQ.Test", "ZRQ.Test\ZRQ.Test.csproj", "{C5595379-EED5-47D4-9F66-8DCA7C2C996B}"
EndProject
Project("{2150E333-8FDC-42A3-9474-1A3956D46DE8}") = "Example", "Example", "{E8546A32-90A5-4B34-BDE7-104F4C223909}"
EndProject
Project("{9A19103F-16F7-4668-BE54-9A1E7A4F7556}") = "ZRQ.IReadOnlyCollectionExample", "Example\ZRQ.IReadOnlyCollectionExample\ZRQ.IReadOnlyCollectionExample.csproj", "{D06281C5-0993-40F1-A01E-59A0AE8582B5}"
EndProject
Project("{9A19103F-16F7-4668-BE54-9A1E7A4F7556}") = "JsonTest", "JsonTest\JsonTest.csproj", "{2C93FCC3-0F8E-4890-B044-4FCCBB44FC84}"
EndProject
Global
	GlobalSection(SolutionConfigurationPlatforms) = preSolution
		Debug|Any CPU = Debug|Any CPU
		Release|Any CPU = Release|Any CPU
	EndGlobalSection
	GlobalSection(ProjectConfigurationPlatforms) = postSolution
		{5345A97D-86BA-4DBA-A2D1-B4A0107B8DE2}.Debug|Any CPU.ActiveCfg = Debug|Any CPU
		{5345A97D-86BA-4DBA-A2D1-B4A0107B8DE2}.Debug|Any CPU.Build.0 = Debug|Any CPU
		{5345A97D-86BA-4DBA-A2D1-B4A0107B8DE2}.Release|Any CPU.ActiveCfg = Release|Any CPU
		{5345A97D-86BA-4DBA-A2D1-B4A0107B8DE2}.Release|Any CPU.Build.0 = Release|Any CPU
		{C5595379-EED5-47D4-9F66-8DCA7C2C996B}.Debug|Any CPU.ActiveCfg = Debug|Any CPU
		{C5595379-EED5-47D4-9F66-8DCA7C2C996B}.Debug|Any CPU.Build.0 = Debug|Any CPU
		{C5595379-EED5-47D4-9F66-8DCA7C2C996B}.Release|Any CPU.ActiveCfg = Release|Any CPU
		{C5595379-EED5-47D4-9F66-8DCA7C2C996B}.Release|Any CPU.Build.0 = Release|Any CPU
		{D06281C5-0993-40F1-A01E-59A0AE8582B5}.Debug|Any CPU.ActiveCfg = Debug|Any CPU
		{D06281C5-0993-40F1-A01E-59A0AE8582B5}.Debug|Any CPU.Build.0 = Debug|Any CPU
		{D06281C5-0993-40F1-A01E-59A0AE8582B5}.Release|Any CPU.ActiveCfg = Release|Any CPU
		{D06281C5-0993-40F1-A01E-59A0AE8582B5}.Release|Any CPU.Build.0 = Release|Any CPU
		{2C93FCC3-0F8E-4890-B044-4FCCBB44FC84}.Debug|Any CPU.ActiveCfg = Debug|Any CPU
		{2C93FCC3-0F8E-4890-B044-4FCCBB44FC84}.Debug|Any CPU.Build.0 = Debug|Any CPU
		{2C93FCC3-0F8E-4890-B044-4FCCBB44FC84}.Release|Any CPU.ActiveCfg = Release|Any CPU
		{2C93FCC3-0F8E-4890-B044-4FCCBB44FC84}.Release|Any CPU.Build.0 = Release|Any CPU
	EndGlobalSection
	GlobalSection(SolutionProperties) = preSolution
		HideSolutionNode = FALSE
	EndGlobalSection
	GlobalSection(NestedProjects) = preSolution
		{D06281C5-0993-40F1-A01E-59A0AE8582B5} = {E8546A32-90A5-4B34-BDE7-104F4C223909}
	EndGlobalSection
	GlobalSection(ExtensibilityGlobals) = postSolution
		SolutionGuid = {72533C9D-1D61-4C9D-AFC4-A6C9AF68FC45}
	EndGlobalSection
EndGlobal
