
Microsoft Visual Studio Solution File, Format Version 12.00
# Visual Studio Version 17
VisualStudioVersion = 17.10.34928.147
MinimumVisualStudioVersion = 10.0.40219.1
Project("{9A19103F-16F7-4668-BE54-9A1E7A4F7556}") = "EFCoreBasics", "EFCoreBasics\EFCoreBasics\EFCoreBasics.csproj", "{4E787369-BE52-41C7-9190-9A95DA586C68}"
EndProject
Project("{2150E333-8FDC-42A3-9474-1A3956D46DE8}") = "解决方案项", "解决方案项", "{19595234-B8F1-4E29-BC43-58D07FB18C05}"
	ProjectSection(SolutionItems) = preProject
		READEME.MD = READEME.MD
	EndProjectSection
EndProject
Project("{FAE04EC0-301F-11D3-BF4B-00C04F79EFBC}") = "ContosoPizza", "ContosoPizza\ContosoPizza.csproj", "{484168E9-C1A5-497F-AEBF-4F677E7D2325}"
EndProject
Global
	GlobalSection(SolutionConfigurationPlatforms) = preSolution
		Debug|Any CPU = Debug|Any CPU
		Release|Any CPU = Release|Any CPU
	EndGlobalSection
	GlobalSection(ProjectConfigurationPlatforms) = postSolution
		{4E787369-BE52-41C7-9190-9A95DA586C68}.Debug|Any CPU.ActiveCfg = Debug|Any CPU
		{4E787369-BE52-41C7-9190-9A95DA586C68}.Debug|Any CPU.Build.0 = Debug|Any CPU
		{4E787369-BE52-41C7-9190-9A95DA586C68}.Release|Any CPU.ActiveCfg = Release|Any CPU
		{4E787369-BE52-41C7-9190-9A95DA586C68}.Release|Any CPU.Build.0 = Release|Any CPU
		{484168E9-C1A5-497F-AEBF-4F677E7D2325}.Debug|Any CPU.ActiveCfg = Debug|Any CPU
		{484168E9-C1A5-497F-AEBF-4F677E7D2325}.Debug|Any CPU.Build.0 = Debug|Any CPU
		{484168E9-C1A5-497F-AEBF-4F677E7D2325}.Release|Any CPU.ActiveCfg = Release|Any CPU
		{484168E9-C1A5-497F-AEBF-4F677E7D2325}.Release|Any CPU.Build.0 = Release|Any CPU
	EndGlobalSection
	GlobalSection(SolutionProperties) = preSolution
		HideSolutionNode = FALSE
	EndGlobalSection
	GlobalSection(ExtensibilityGlobals) = postSolution
		SolutionGuid = {7CC96D15-24DB-411E-8A6B-BA1657EE0169}
	EndGlobalSection
EndGlobal
