
Microsoft Visual Studio Solution File, Format Version 12.00
# Visual Studio Version 17
VisualStudioVersion = 17.0.32002.185
MinimumVisualStudioVersion = 10.0.40219.1
Project("{FAE04EC0-301F-11D3-BF4B-00C04F79EFBC}") = "dotnetUtility", "dotnetUtility.csproj", "{87CCEF29-45D7-4D89-A0C5-D44E388ADCCD}"
EndProject
Global
	GlobalSection(SolutionConfigurationPlatforms) = preSolution
		Debug|Any CPU = Debug|Any CPU
		Release|Any CPU = Release|Any CPU
	EndGlobalSection
	GlobalSection(ProjectConfigurationPlatforms) = postSolution
		{87CCEF29-45D7-4D89-A0C5-D44E388ADCCD}.Debug|Any CPU.ActiveCfg = Debug|Any CPU
		{87CCEF29-45D7-4D89-A0C5-D44E388ADCCD}.Debug|Any CPU.Build.0 = Debug|Any CPU
		{87CCEF29-45D7-4D89-A0C5-D44E388ADCCD}.Release|Any CPU.ActiveCfg = Release|Any CPU
		{87CCEF29-45D7-4D89-A0C5-D44E388ADCCD}.Release|Any CPU.Build.0 = Release|Any CPU
	EndGlobalSection
	GlobalSection(SolutionProperties) = preSolution
		HideSolutionNode = FALSE
	EndGlobalSection
	GlobalSection(ExtensibilityGlobals) = postSolution
		SolutionGuid = {B0706D09-7B2D-437C-85E7-A3E6D92B93C6}
	EndGlobalSection
EndGlobal
